// !$*UTF8*$!
{
	archiveVersion = 1;
	classes = {
	};
	objectVersion = 48;
	objects = {

/* Begin PBXBuildFile section */
		2A52A877D5BC88FA33949C91 /* Pods_readinthedark.framework in Frameworks */ = {isa = PBXBuildFile; fileRef = 1766BDAF6EBC4550D288611C /* Pods_readinthedark.framework */; };
		C56F991A1FD079AA003CDCA7 /* README.md in Resources */ = {isa = PBXBuildFile; fileRef = C56F99191FD079AA003CDCA7 /* README.md */; };
		C5761A141FD1D5BD00E47BF9 /* Lenore3.png in Resources */ = {isa = PBXBuildFile; fileRef = C5761A131FD1D5BD00E47BF9 /* Lenore3.png */; };
		C59D6F051FC49AC500C4CF5A /* AppDelegate.swift in Sources */ = {isa = PBXBuildFile; fileRef = C59D6F041FC49AC500C4CF5A /* AppDelegate.swift */; };
		C59D6F071FC49AC500C4CF5A /* ViewController.swift in Sources */ = {isa = PBXBuildFile; fileRef = C59D6F061FC49AC500C4CF5A /* ViewController.swift */; };
		C59D6F0A1FC49AC500C4CF5A /* Main.storyboard in Resources */ = {isa = PBXBuildFile; fileRef = C59D6F081FC49AC500C4CF5A /* Main.storyboard */; };
		C59D6F0C1FC49AC500C4CF5A /* Assets.xcassets in Resources */ = {isa = PBXBuildFile; fileRef = C59D6F0B1FC49AC500C4CF5A /* Assets.xcassets */; };
		C59D6F0F1FC49AC500C4CF5A /* LaunchScreen.storyboard in Resources */ = {isa = PBXBuildFile; fileRef = C59D6F0D1FC49AC500C4CF5A /* LaunchScreen.storyboard */; };
		C5C7B1761FD1C3830031DEC2 /* TesseractOCR.framework in Frameworks */ = {isa = PBXBuildFile; fileRef = C5C7B1771FD1C3830031DEC2 /* TesseractOCR.framework */; };
		C5C7B17C1FD1CCA60031DEC2 /* tessdata in Resources */ = {isa = PBXBuildFile; fileRef = C5C7B17B1FD1CCA60031DEC2 /* tessdata */; };
/* End PBXBuildFile section */

/* Begin PBXFileReference section */
		1766BDAF6EBC4550D288611C /* Pods_readinthedark.framework */ = {isa = PBXFileReference; explicitFileType = wrapper.framework; includeInIndex = 0; path = Pods_readinthedark.framework; sourceTree = BUILT_PRODUCTS_DIR; };
		A4E38B792F47869782DCF5A2 /* Pods-readinthedark.release.xcconfig */ = {isa = PBXFileReference; includeInIndex = 1; lastKnownFileType = text.xcconfig; name = "Pods-readinthedark.release.xcconfig"; path = "Pods/Target Support Files/Pods-readinthedark/Pods-readinthedark.release.xcconfig"; sourceTree = "<group>"; };
		C56F99191FD079AA003CDCA7 /* README.md */ = {isa = PBXFileReference; fileEncoding = 4; lastKnownFileType = net.daringfireball.markdown; path = README.md; sourceTree = SOURCE_ROOT; };
		C5761A131FD1D5BD00E47BF9 /* Lenore3.png */ = {isa = PBXFileReference; lastKnownFileType = image.png; path = Lenore3.png; sourceTree = SOURCE_ROOT; };
		C59D6F011FC49AC500C4CF5A /* readinthedark.app */ = {isa = PBXFileReference; explicitFileType = wrapper.application; includeInIndex = 0; path = readinthedark.app; sourceTree = BUILT_PRODUCTS_DIR; };
		C59D6F041FC49AC500C4CF5A /* AppDelegate.swift */ = {isa = PBXFileReference; lastKnownFileType = sourcecode.swift; path = AppDelegate.swift; sourceTree = "<group>"; };
		C59D6F061FC49AC500C4CF5A /* ViewController.swift */ = {isa = PBXFileReference; lastKnownFileType = sourcecode.swift; path = ViewController.swift; sourceTree = "<group>"; };
		C59D6F091FC49AC500C4CF5A /* Base */ = {isa = PBXFileReference; lastKnownFileType = file.storyboard; name = Base; path = Base.lproj/Main.storyboard; sourceTree = "<group>"; };
		C59D6F0B1FC49AC500C4CF5A /* Assets.xcassets */ = {isa = PBXFileReference; lastKnownFileType = folder.assetcatalog; path = Assets.xcassets; sourceTree = "<group>"; };
		C59D6F0E1FC49AC500C4CF5A /* Base */ = {isa = PBXFileReference; lastKnownFileType = file.storyboard; name = Base; path = Base.lproj/LaunchScreen.storyboard; sourceTree = "<group>"; };
		C59D6F101FC49AC500C4CF5A /* Info.plist */ = {isa = PBXFileReference; lastKnownFileType = text.plist.xml; path = Info.plist; sourceTree = "<group>"; };
		C5C7B1771FD1C3830031DEC2 /* TesseractOCR.framework */ = {isa = PBXFileReference; explicitFileType = wrapper.framework; path = TesseractOCR.framework; sourceTree = BUILT_PRODUCTS_DIR; };
		C5C7B17B1FD1CCA60031DEC2 /* tessdata */ = {isa = PBXFileReference; lastKnownFileType = folder; path = tessdata; sourceTree = "<group>"; };
		D78EE7936315D312F724A615 /* Pods-readinthedark.debug.xcconfig */ = {isa = PBXFileReference; includeInIndex = 1; lastKnownFileType = text.xcconfig; name = "Pods-readinthedark.debug.xcconfig"; path = "Pods/Target Support Files/Pods-readinthedark/Pods-readinthedark.debug.xcconfig"; sourceTree = "<group>"; };
/* End PBXFileReference section */

/* Begin PBXFrameworksBuildPhase section */
		C59D6EFE1FC49AC500C4CF5A /* Frameworks */ = {
			isa = PBXFrameworksBuildPhase;
			buildActionMask = 2147483647;
			files = (
				C5C7B1761FD1C3830031DEC2 /* TesseractOCR.framework in Frameworks */,
				2A52A877D5BC88FA33949C91 /* Pods_readinthedark.framework in Frameworks */,
			);
			runOnlyForDeploymentPostprocessing = 0;
		};
/* End PBXFrameworksBuildPhase section */

/* Begin PBXGroup section */
		00FF58C7BE7158393B8C960E /* Pods */ = {
			isa = PBXGroup;
			children = (
				D78EE7936315D312F724A615 /* Pods-readinthedark.debug.xcconfig */,
				A4E38B792F47869782DCF5A2 /* Pods-readinthedark.release.xcconfig */,
			);
			name = Pods;
			sourceTree = "<group>";
		};
		C59D6EF81FC49AC500C4CF5A = {
			isa = PBXGroup;
			children = (
				C59D6F031FC49AC500C4CF5A /* readinthedark */,
				C59D6F021FC49AC500C4CF5A /* Products */,
				00FF58C7BE7158393B8C960E /* Pods */,
				E5CE6B5CCACAED105D7FFC48 /* Frameworks */,
			);
			sourceTree = "<group>";
		};
		C59D6F021FC49AC500C4CF5A /* Products */ = {
			isa = PBXGroup;
			children = (
				C59D6F011FC49AC500C4CF5A /* readinthedark.app */,
			);
			name = Products;
			sourceTree = "<group>";
		};
		C59D6F031FC49AC500C4CF5A /* readinthedark */ = {
			isa = PBXGroup;
			children = (
				C59D6F041FC49AC500C4CF5A /* AppDelegate.swift */,
				C59D6F061FC49AC500C4CF5A /* ViewController.swift */,
				C5C7B17B1FD1CCA60031DEC2 /* tessdata */,
				C59D6F081FC49AC500C4CF5A /* Main.storyboard */,
				C5761A131FD1D5BD00E47BF9 /* Lenore3.png */,
				C59D6F0B1FC49AC500C4CF5A /* Assets.xcassets */,
				C59D6F0D1FC49AC500C4CF5A /* LaunchScreen.storyboard */,
				C59D6F101FC49AC500C4CF5A /* Info.plist */,
				C56F99191FD079AA003CDCA7 /* README.md */,
			);
			path = readinthedark;
			sourceTree = "<group>";
		};
		E5CE6B5CCACAED105D7FFC48 /* Frameworks */ = {
			isa = PBXGroup;
			children = (
				C5C7B1771FD1C3830031DEC2 /* TesseractOCR.framework */,
				1766BDAF6EBC4550D288611C /* Pods_readinthedark.framework */,
			);
			name = Frameworks;
			sourceTree = "<group>";
		};
/* End PBXGroup section */

/* Begin PBXNativeTarget section */
		C59D6F001FC49AC500C4CF5A /* readinthedark */ = {
			isa = PBXNativeTarget;
			buildConfigurationList = C59D6F131FC49AC500C4CF5A /* Build configuration list for PBXNativeTarget "readinthedark" */;
			buildPhases = (
				C537CA46847FD96B71C27623 /* [CP] Check Pods Manifest.lock */,
				C59D6EFD1FC49AC500C4CF5A /* Sources */,
				C59D6EFE1FC49AC500C4CF5A /* Frameworks */,
				C59D6EFF1FC49AC500C4CF5A /* Resources */,
				E83ECF14D79D5694B3013F7A /* [CP] Embed Pods Frameworks */,
				6E244A2F8E7DFD3C5EB1700F /* [CP] Copy Pods Resources */,
			);
			buildRules = (
			);
			dependencies = (
			);
			name = readinthedark;
			productName = readinthedark;
			productReference = C59D6F011FC49AC500C4CF5A /* readinthedark.app */;
			productType = "com.apple.product-type.application";
		};
/* End PBXNativeTarget section */

/* Begin PBXProject section */
		C59D6EF91FC49AC500C4CF5A /* Project object */ = {
			isa = PBXProject;
			attributes = {
				LastSwiftUpdateCheck = 0910;
				LastUpgradeCheck = 0910;
				ORGANIZATIONNAME = "Ryan Newton";
				TargetAttributes = {
					C59D6F001FC49AC500C4CF5A = {
						CreatedOnToolsVersion = 9.1;
						ProvisioningStyle = Automatic;
					};
				};
			};
			buildConfigurationList = C59D6EFC1FC49AC500C4CF5A /* Build configuration list for PBXProject "readinthedark" */;
			compatibilityVersion = "Xcode 8.0";
			developmentRegion = en;
			hasScannedForEncodings = 0;
			knownRegions = (
				en,
				Base,
			);
			mainGroup = C59D6EF81FC49AC500C4CF5A;
			productRefGroup = C59D6F021FC49AC500C4CF5A /* Products */;
			projectDirPath = "";
			projectRoot = "";
			targets = (
				C59D6F001FC49AC500C4CF5A /* readinthedark */,
			);
		};
/* End PBXProject section */

/* Begin PBXResourcesBuildPhase section */
		C59D6EFF1FC49AC500C4CF5A /* Resources */ = {
			isa = PBXResourcesBuildPhase;
			buildActionMask = 2147483647;
			files = (
				C5761A141FD1D5BD00E47BF9 /* Lenore3.png in Resources */,
				C59D6F0F1FC49AC500C4CF5A /* LaunchScreen.storyboard in Resources */,
				C59D6F0C1FC49AC500C4CF5A /* Assets.xcassets in Resources */,
				C5C7B17C1FD1CCA60031DEC2 /* tessdata in Resources */,
				C56F991A1FD079AA003CDCA7 /* README.md in Resources */,
				C59D6F0A1FC49AC500C4CF5A /* Main.storyboard in Resources */,
			);
			runOnlyForDeploymentPostprocessing = 0;
		};
/* End PBXResourcesBuildPhase section */

/* Begin PBXShellScriptBuildPhase section */
		6E244A2F8E7DFD3C5EB1700F /* [CP] Copy Pods Resources */ = {
			isa = PBXShellScriptBuildPhase;
			buildActionMask = 2147483647;
			files = (
			);
			inputPaths = (
			);
			name = "[CP] Copy Pods Resources";
			outputPaths = (
			);
			runOnlyForDeploymentPostprocessing = 0;
			shellPath = /bin/sh;
			shellScript = "\"${SRCROOT}/Pods/Target Support Files/Pods-readinthedark/Pods-readinthedark-resources.sh\"\n";
			showEnvVarsInLog = 0;
		};
		C537CA46847FD96B71C27623 /* [CP] Check Pods Manifest.lock */ = {
			isa = PBXShellScriptBuildPhase;
			buildActionMask = 2147483647;
			files = (
			);
			inputPaths = (
				"${PODS_PODFILE_DIR_PATH}/Podfile.lock",
				"${PODS_ROOT}/Manifest.lock",
			);
			name = "[CP] Check Pods Manifest.lock";
			outputPaths = (
				"$(DERIVED_FILE_DIR)/Pods-readinthedark-checkManifestLockResult.txt",
			);
			runOnlyForDeploymentPostprocessing = 0;
			shellPath = /bin/sh;
			shellScript = "diff \"${PODS_PODFILE_DIR_PATH}/Podfile.lock\" \"${PODS_ROOT}/Manifest.lock\" > /dev/null\nif [ $? != 0 ] ; then\n    # print error to STDERR\n    echo \"error: The sandbox is not in sync with the Podfile.lock. Run 'pod install' or update your CocoaPods installation.\" >&2\n    exit 1\nfi\n# This output is used by Xcode 'outputs' to avoid re-running this script phase.\necho \"SUCCESS\" > \"${SCRIPT_OUTPUT_FILE_0}\"\n";
			showEnvVarsInLog = 0;
		};
		E83ECF14D79D5694B3013F7A /* [CP] Embed Pods Frameworks */ = {
			isa = PBXShellScriptBuildPhase;
			buildActionMask = 2147483647;
			files = (
			);
			inputPaths = (
				"${SRCROOT}/Pods/Target Support Files/Pods-readinthedark/Pods-readinthedark-frameworks.sh",
				"${BUILT_PRODUCTS_DIR}/TesseractOCRiOS/TesseractOCR.framework",
			);
			name = "[CP] Embed Pods Frameworks";
			outputPaths = (
				"${TARGET_BUILD_DIR}/${FRAMEWORKS_FOLDER_PATH}/TesseractOCR.framework",
			);
			runOnlyForDeploymentPostprocessing = 0;
			shellPath = /bin/sh;
			shellScript = "\"${SRCROOT}/Pods/Target Support Files/Pods-readinthedark/Pods-readinthedark-frameworks.sh\"\n";
			showEnvVarsInLog = 0;
		};
/* End PBXShellScriptBuildPhase section */

/* Begin PBXSourcesBuildPhase section */
		C59D6EFD1FC49AC500C4CF5A /* Sources */ = {
			isa = PBXSourcesBuildPhase;
			buildActionMask = 2147483647;
			files = (
				C59D6F071FC49AC500C4CF5A /* ViewController.swift in Sources */,
				C59D6F051FC49AC500C4CF5A /* AppDelegate.swift in Sources */,
			);
			runOnlyForDeploymentPostprocessing = 0;
		};
/* End PBXSourcesBuildPhase section */

/* Begin PBXVariantGroup section */
		C59D6F081FC49AC500C4CF5A /* Main.storyboard */ = {
			isa = PBXVariantGroup;
			children = (
				C59D6F091FC49AC500C4CF5A /* Base */,
			);
			name = Main.storyboard;
			sourceTree = "<group>";
		};
		C59D6F0D1FC49AC500C4CF5A /* LaunchScreen.storyboard */ = {
			isa = PBXVariantGroup;
			children = (
				C59D6F0E1FC49AC500C4CF5A /* Base */,
			);
			name = LaunchScreen.storyboard;
			sourceTree = "<group>";
		};
/* End PBXVariantGroup section */

/* Begin XCBuildConfiguration section */
		C59D6F111FC49AC500C4CF5A /* Debug */ = {
			isa = XCBuildConfiguration;
			buildSettings = {
				ALWAYS_SEARCH_USER_PATHS = NO;
				CLANG_ANALYZER_NONNULL = YES;
				CLANG_ANALYZER_NUMBER_OBJECT_CONVERSION = YES_AGGRESSIVE;
				CLANG_CXX_LANGUAGE_STANDARD = "gnu++14";
				CLANG_CXX_LIBRARY = "libc++";
				CLANG_ENABLE_MODULES = YES;
				CLANG_ENABLE_OBJC_ARC = YES;
				CLANG_WARN_BLOCK_CAPTURE_AUTORELEASING = YES;
				CLANG_WARN_BOOL_CONVERSION = YES;
				CLANG_WARN_COMMA = YES;
				CLANG_WARN_CONSTANT_CONVERSION = YES;
				CLANG_WARN_DIRECT_OBJC_ISA_USAGE = YES_ERROR;
				CLANG_WARN_DOCUMENTATION_COMMENTS = YES;
				CLANG_WARN_EMPTY_BODY = YES;
				CLANG_WARN_ENUM_CONVERSION = YES;
				CLANG_WARN_INFINITE_RECURSION = YES;
				CLANG_WARN_INT_CONVERSION = YES;
				CLANG_WARN_NON_LITERAL_NULL_CONVERSION = YES;
				CLANG_WARN_OBJC_LITERAL_CONVERSION = YES;
				CLANG_WARN_OBJC_ROOT_CLASS = YES_ERROR;
				CLANG_WARN_RANGE_LOOP_ANALYSIS = YES;
				CLANG_WARN_STRICT_PROTOTYPES = YES;
				CLANG_WARN_SUSPICIOUS_MOVE = YES;
				CLANG_WARN_UNGUARDED_AVAILABILITY = YES_AGGRESSIVE;
				CLANG_WARN_UNREACHABLE_CODE = YES;
				CLANG_WARN__DUPLICATE_METHOD_MATCH = YES;
				CODE_SIGN_IDENTITY = "iPhone Developer";
				COPY_PHASE_STRIP = NO;
				DEBUG_INFORMATION_FORMAT = dwarf;
				ENABLE_BITCODE = NO;
				ENABLE_STRICT_OBJC_MSGSEND = YES;
				ENABLE_TESTABILITY = YES;
				GCC_C_LANGUAGE_STANDARD = gnu11;
				GCC_DYNAMIC_NO_PIC = NO;
				GCC_NO_COMMON_BLOCKS = YES;
				GCC_OPTIMIZATION_LEVEL = 0;
				GCC_PREPROCESSOR_DEFINITIONS = (
					"DEBUG=1",
					"$(inherited)",
				);
				GCC_WARN_64_TO_32_BIT_CONVERSION = YES;
				GCC_WARN_ABOUT_RETURN_TYPE = YES_ERROR;
				GCC_WARN_UNDECLARED_SELECTOR = YES;
				GCC_WARN_UNINITIALIZED_AUTOS = YES_AGGRESSIVE;
				GCC_WARN_UNUSED_FUNCTION = YES;
				GCC_WARN_UNUSED_VARIABLE = YES;
				IPHONEOS_DEPLOYMENT_TARGET = 11.1;
				MTL_ENABLE_DEBUG_INFO = YES;
				ONLY_ACTIVE_ARCH = YES;
				SDKROOT = iphoneos;
				SWIFT_ACTIVE_COMPILATION_CONDITIONS = DEBUG;
				SWIFT_OPTIMIZATION_LEVEL = "-Onone";
			};
			name = Debug;
		};
		C59D6F121FC49AC500C4CF5A /* Release */ = {
			isa = XCBuildConfiguration;
			buildSettings = {
				ALWAYS_SEARCH_USER_PATHS = NO;
				CLANG_ANALYZER_NONNULL = YES;
				CLANG_ANALYZER_NUMBER_OBJECT_CONVERSION = YES_AGGRESSIVE;
				CLANG_CXX_LANGUAGE_STANDARD = "gnu++14";
				CLANG_CXX_LIBRARY = "libc++";
				CLANG_ENABLE_MODULES = YES;
				CLANG_ENABLE_OBJC_ARC = YES;
				CLANG_WARN_BLOCK_CAPTURE_AUTORELEASING = YES;
				CLANG_WARN_BOOL_CONVERSION = YES;
				CLANG_WARN_COMMA = YES;
				CLANG_WARN_CONSTANT_CONVERSION = YES;
				CLANG_WARN_DIRECT_OBJC_ISA_USAGE = YES_ERROR;
				CLANG_WARN_DOCUMENTATION_COMMENTS = YES;
				CLANG_WARN_EMPTY_BODY = YES;
				CLANG_WARN_ENUM_CONVERSION = YES;
				CLANG_WARN_INFINITE_RECURSION = YES;
				CLANG_WARN_INT_CONVERSION = YES;
				CLANG_WARN_NON_LITERAL_NULL_CONVERSION = YES;
				CLANG_WARN_OBJC_LITERAL_CONVERSION = YES;
				CLANG_WARN_OBJC_ROOT_CLASS = YES_ERROR;
				CLANG_WARN_RANGE_LOOP_ANALYSIS = YES;
				CLANG_WARN_STRICT_PROTOTYPES = YES;
				CLANG_WARN_SUSPICIOUS_MOVE = YES;
				CLANG_WARN_UNGUARDED_AVAILABILITY = YES_AGGRESSIVE;
				CLANG_WARN_UNREACHABLE_CODE = YES;
				CLANG_WARN__DUPLICATE_METHOD_MATCH = YES;
				CODE_SIGN_IDENTITY = "iPhone Developer";
				COPY_PHASE_STRIP = NO;
				DEBUG_INFORMATION_FORMAT = "dwarf-with-dsym";
				ENABLE_BITCODE = NO;
				ENABLE_NS_ASSERTIONS = NO;
				ENABLE_STRICT_OBJC_MSGSEND = YES;
				GCC_C_LANGUAGE_STANDARD = gnu11;
				GCC_NO_COMMON_BLOCKS = YES;
				GCC_WARN_64_TO_32_BIT_CONVERSION = YES;
				GCC_WARN_ABOUT_RETURN_TYPE = YES_ERROR;
				GCC_WARN_UNDECLARED_SELECTOR = YES;
				GCC_WARN_UNINITIALIZED_AUTOS = YES_AGGRESSIVE;
				GCC_WARN_UNUSED_FUNCTION = YES;
				GCC_WARN_UNUSED_VARIABLE = YES;
				IPHONEOS_DEPLOYMENT_TARGET = 11.1;
				MTL_ENABLE_DEBUG_INFO = NO;
				SDKROOT = iphoneos;
				SWIFT_OPTIMIZATION_LEVEL = "-Owholemodule";
				VALIDATE_PRODUCT = YES;
			};
			name = Release;
		};
		C59D6F141FC49AC500C4CF5A /* Debug */ = {
			isa = XCBuildConfiguration;
			baseConfigurationReference = D78EE7936315D312F724A615 /* Pods-readinthedark.debug.xcconfig */;
			buildSettings = {
				ASSETCATALOG_COMPILER_APPICON_NAME = AppIcon;
				CODE_SIGN_STYLE = Automatic;
				DEVELOPMENT_TEAM = JD3B3AGYTS;
				ENABLE_BITCODE = NO;
				INFOPLIST_FILE = readinthedark/Info.plist;
				LD_RUNPATH_SEARCH_PATHS = "$(inherited) @executable_path/Frameworks";
				PRODUCT_BUNDLE_IDENTIFIER = com.fadetoproductions.readinthedark;
				PRODUCT_NAME = "$(TARGET_NAME)";
				SWIFT_VERSION = 4.0;
				TARGETED_DEVICE_FAMILY = "1,2";
			};
			name = Debug;
		};
		C59D6F151FC49AC500C4CF5A /* Release */ = {
			isa = XCBuildConfiguration;
			baseConfigurationReference = A4E38B792F47869782DCF5A2 /* Pods-readinthedark.release.xcconfig */;
			buildSettings = {
				ASSETCATALOG_COMPILER_APPICON_NAME = AppIcon;
				CODE_SIGN_STYLE = Automatic;
				DEVELOPMENT_TEAM = JD3B3AGYTS;
				ENABLE_BITCODE = NO;
				INFOPLIST_FILE = readinthedark/Info.plist;
				LD_RUNPATH_SEARCH_PATHS = "$(inherited) @executable_path/Frameworks";
				PRODUCT_BUNDLE_IDENTIFIER = com.fadetoproductions.readinthedark;
				PRODUCT_NAME = "$(TARGET_NAME)";
				SWIFT_VERSION = 4.0;
				TARGETED_DEVICE_FAMILY = "1,2";
			};
			name = Release;
		};
/* End XCBuildConfiguration section */

/* Begin XCConfigurationList section */
		C59D6EFC1FC49AC500C4CF5A /* Build configuration list for PBXProject "readinthedark" */ = {
			isa = XCConfigurationList;
			buildConfigurations = (
				C59D6F111FC49AC500C4CF5A /* Debug */,
				C59D6F121FC49AC500C4CF5A /* Release */,
			);
			defaultConfigurationIsVisible = 0;
			defaultConfigurationName = Release;
		};
		C59D6F131FC49AC500C4CF5A /* Build configuration list for PBXNativeTarget "readinthedark" */ = {
			isa = XCConfigurationList;
			buildConfigurations = (
				C59D6F141FC49AC500C4CF5A /* Debug */,
				C59D6F151FC49AC500C4CF5A /* Release */,
			);
			defaultConfigurationIsVisible = 0;
			defaultConfigurationName = Release;
		};
/* End XCConfigurationList section */
	};
	rootObject = C59D6EF91FC49AC500C4CF5A /* Project object */;
}
